
Microsoft Visual Studio Solution File, Format Version 12.00
# Visual Studio Version 16
VisualStudioVersion = 16.0.29326.143
MinimumVisualStudioVersion = 10.0.40219.1
Project("{8BC9CEB8-8B4A-11D0-8D11-00A0C91BC942}") = "54545454", "54545454.vcxproj", "{9426DFA8-C2E6-4250-9C39-FCE2D2779284}"
EndProject
Global
	GlobalSection(SolutionConfigurationPlatforms) = preSolution
		Debug|x64 = Debug|x64
		Debug|x86 = Debug|x86
		Release|x64 = Release|x64
		Release|x86 = Release|x86
	EndGlobalSection
	GlobalSection(ProjectConfigurationPlatforms) = postSolution
		{9426DFA8-C2E6-4250-9C39-FCE2D2779284}.Debug|x64.ActiveCfg = Debug|x64
		{9426DFA8-C2E6-4250-9C39-FCE2D2779284}.Debug|x64.Build.0 = Debug|x64
		{9426DFA8-C2E6-4250-9C39-FCE2D2779284}.Debug|x86.ActiveCfg = Debug|Win32
		{9426DFA8-C2E6-4250-9C39-FCE2D2779284}.Debug|x86.Build.0 = Debug|Win32
		{9426DFA8-C2E6-4250-9C39-FCE2D2779284}.Release|x64.ActiveCfg = Release|x64
		{9426DFA8-C2E6-4250-9C39-FCE2D2779284}.Release|x64.Build.0 = Release|x64
		{9426DFA8-C2E6-4250-9C39-FCE2D2779284}.Release|x86.ActiveCfg = Release|Win32
		{9426DFA8-C2E6-4250-9C39-FCE2D2779284}.Release|x86.Build.0 = Release|Win32
	EndGlobalSection
	GlobalSection(SolutionProperties) = preSolution
		HideSolutionNode = FALSE
	EndGlobalSection
	GlobalSection(ExtensibilityGlobals) = postSolution
		SolutionGuid = {4BC0F6B8-60C5-45FD-9DFB-6596A03F96B0}
	EndGlobalSection
EndGlobal
